uuid: a41ef50d-8331-4eaf-9e02-4f2242f13089
langcode: en
status: true
dependencies:
  theme:
    - tube_theme
id: tube_theme_imageblock
theme: tube_theme
region: sidebar_second
weight: 0
provider: null
plugin: 'block_content:63d3df11-5381-4738-af8d-b1bba0397538'
settings:
  id: 'block_content:63d3df11-5381-4738-af8d-b1bba0397538'
  label: 'Image Block'
  provider: block_content
  label_display: '0'
  status: true
  info: ''
  view_mode: full
visibility: {  }
