uuid: e1ffab26-74d3-4066-a453-eebbc72f0339
langcode: en
status: false
dependencies:
  theme:
    - tube_theme
id: tube_theme_imageblock
theme: tube_theme
region: sidebar_second
weight: 0
provider: null
plugin: 'block_content:63d3df11-5381-4738-af8d-b1bba0397538'
settings:
  id: 'block_content:63d3df11-5381-4738-af8d-b1bba0397538'
  label: 'Image Block'
  provider: block_content
  label_display: '0'
  status: true
  info: ''
  view_mode: full
visibility: {  }
