uuid: c5989477-6d11-4ad7-b23e-bc2f9f60af3a
langcode: en
status: true
dependencies:
  theme:
    - bootstrap_barrio
id: bootstrap_barrio_longtextblock
theme: bootstrap_barrio
region: footer_first
weight: 0
provider: null
plugin: 'block_content:3e5cc8e3-46d4-42b2-8835-5b26f90e43c5'
settings:
  id: 'block_content:3e5cc8e3-46d4-42b2-8835-5b26f90e43c5'
  label: 'Long Text block'
  provider: block_content
  label_display: '0'
  status: true
  info: ''
  view_mode: full
visibility: {  }
